
Microsoft Visual Studio Solution File, Format Version 12.00
# Visual Studio 14
VisualStudioVersion = 14.0.25420.1
MinimumVisualStudioVersion = 10.0.40219.1
Project("{FAE04EC0-301F-11D3-BF4B-00C04F79EFBC}") = "ViewRepairList", "ViewRepairList\ViewRepairList.csproj", "{ED642FF3-1385-4F16-BA48-590D6E6C5B88}"
EndProject
Project("{FAE04EC0-301F-11D3-BF4B-00C04F79EFBC}") = "CustomControlTest", "CustomControlTest\CustomControlTest.csproj", "{67395909-F6C1-453D-922D-4A6AD415FD1E}"
EndProject
Global
	GlobalSection(SolutionConfigurationPlatforms) = preSolution
		Debug|Any CPU = Debug|Any CPU
		Release|Any CPU = Release|Any CPU
	EndGlobalSection
	GlobalSection(ProjectConfigurationPlatforms) = postSolution
		{ED642FF3-1385-4F16-BA48-590D6E6C5B88}.Debug|Any CPU.ActiveCfg = Debug|Any CPU
		{ED642FF3-1385-4F16-BA48-590D6E6C5B88}.Debug|Any CPU.Build.0 = Debug|Any CPU
		{ED642FF3-1385-4F16-BA48-590D6E6C5B88}.Release|Any CPU.ActiveCfg = Release|Any CPU
		{ED642FF3-1385-4F16-BA48-590D6E6C5B88}.Release|Any CPU.Build.0 = Release|Any CPU
		{67395909-F6C1-453D-922D-4A6AD415FD1E}.Debug|Any CPU.ActiveCfg = Debug|Any CPU
		{67395909-F6C1-453D-922D-4A6AD415FD1E}.Debug|Any CPU.Build.0 = Debug|Any CPU
		{67395909-F6C1-453D-922D-4A6AD415FD1E}.Release|Any CPU.ActiveCfg = Release|Any CPU
		{67395909-F6C1-453D-922D-4A6AD415FD1E}.Release|Any CPU.Build.0 = Release|Any CPU
	EndGlobalSection
	GlobalSection(SolutionProperties) = preSolution
		HideSolutionNode = FALSE
	EndGlobalSection
EndGlobal
